// !$*UTF8*$!
{
	archiveVersion = 1;
	classes = {
	};
	objectVersion = 77;
	objects = {

/* Begin PBXContainerItemProxy section */
		83FBAD112E604EFA00AE3B36 /* PBXContainerItemProxy */ = {
			isa = PBXContainerItemProxy;
			containerPortal = 83FBACF62E604EF700AE3B36 /* Project object */;
			proxyType = 1;
			remoteGlobalIDString = 83FBACFD2E604EF700AE3B36;
			remoteInfo = LOTRConverter;
		};
		83FBAD1B2E604EFA00AE3B36 /* PBXContainerItemProxy */ = {
			isa = PBXContainerItemProxy;
			containerPortal = 83FBACF62E604EF700AE3B36 /* Project object */;
			proxyType = 1;
			remoteGlobalIDString = 83FBACFD2E604EF700AE3B36;
			remoteInfo = LOTRConverter;
		};
/* End PBXContainerItemProxy section */

/* Begin PBXFileReference section */
		83FBACFE2E604EF700AE3B36 /* LOTRConverter.app */ = {isa = PBXFileReference; explicitFileType = wrapper.application; includeInIndex = 0; path = LOTRConverter.app; sourceTree = BUILT_PRODUCTS_DIR; };
		83FBAD102E604EFA00AE3B36 /* LOTRConverterTests.xctest */ = {isa = PBXFileReference; explicitFileType = wrapper.cfbundle; includeInIndex = 0; path = LOTRConverterTests.xctest; sourceTree = BUILT_PRODUCTS_DIR; };
		83FBAD1A2E604EFA00AE3B36 /* LOTRConverterUITests.xctest */ = {isa = PBXFileReference; explicitFileType = wrapper.cfbundle; includeInIndex = 0; path = LOTRConverterUITests.xctest; sourceTree = BUILT_PRODUCTS_DIR; };
/* End PBXFileReference section */

/* Begin PBXFileSystemSynchronizedRootGroup section */
		83FBAD002E604EF700AE3B36 /* LOTRConverter */ = {
			isa = PBXFileSystemSynchronizedRootGroup;
			path = LOTRConverter;
			sourceTree = "<group>";
		};
		83FBAD132E604EFA00AE3B36 /* LOTRConverterTests */ = {
			isa = PBXFileSystemSynchronizedRootGroup;
			path = LOTRConverterTests;
			sourceTree = "<group>";
		};
		83FBAD1D2E604EFA00AE3B36 /* LOTRConverterUITests */ = {
			isa = PBXFileSystemSynchronizedRootGroup;
			path = LOTRConverterUITests;
			sourceTree = "<group>";
		};
/* End PBXFileSystemSynchronizedRootGroup section */

/* Begin PBXFrameworksBuildPhase section */
		83FBACFB2E604EF700AE3B36 /* Frameworks */ = {
			isa = PBXFrameworksBuildPhase;
			buildActionMask = 2147483647;
			files = (
			);
			runOnlyForDeploymentPostprocessing = 0;
		};
		83FBAD0D2E604EFA00AE3B36 /* Frameworks */ = {
			isa = PBXFrameworksBuildPhase;
			buildActionMask = 2147483647;
			files = (
			);
			runOnlyForDeploymentPostprocessing = 0;
		};
		83FBAD172E604EFA00AE3B36 /* Frameworks */ = {
			isa = PBXFrameworksBuildPhase;
			buildActionMask = 2147483647;
			files = (
			);
			runOnlyForDeploymentPostprocessing = 0;
		};
/* End PBXFrameworksBuildPhase section */

/* Begin PBXGroup section */
		83FBACF52E604EF700AE3B36 = {
			isa = PBXGroup;
			children = (
				83FBAD002E604EF700AE3B36 /* LOTRConverter */,
				83FBAD132E604EFA00AE3B36 /* LOTRConverterTests */,
				83FBAD1D2E604EFA00AE3B36 /* LOTRConverterUITests */,
				83FBACFF2E604EF700AE3B36 /* Products */,
			);
			sourceTree = "<group>";
		};
		83FBACFF2E604EF700AE3B36 /* Products */ = {
			isa = PBXGroup;
			children = (
				83FBACFE2E604EF700AE3B36 /* LOTRConverter.app */,
				83FBAD102E604EFA00AE3B36 /* LOTRConverterTests.xctest */,
				83FBAD1A2E604EFA00AE3B36 /* LOTRConverterUITests.xctest */,
			);
			name = Products;
			sourceTree = "<group>";
		};
/* End PBXGroup section */

/* Begin PBXNativeTarget section */
		83FBACFD2E604EF700AE3B36 /* LOTRConverter */ = {
			isa = PBXNativeTarget;
			buildConfigurationList = 83FBAD242E604EFA00AE3B36 /* Build configuration list for PBXNativeTarget "LOTRConverter" */;
			buildPhases = (
				83FBACFA2E604EF700AE3B36 /* Sources */,
				83FBACFB2E604EF700AE3B36 /* Frameworks */,
				83FBACFC2E604EF700AE3B36 /* Resources */,
			);
			buildRules = (
			);
			dependencies = (
			);
			fileSystemSynchronizedGroups = (
				83FBAD002E604EF700AE3B36 /* LOTRConverter */,
			);
			name = LOTRConverter;
			packageProductDependencies = (
			);
			productName = LOTRConverter;
			productReference = 83FBACFE2E604EF700AE3B36 /* LOTRConverter.app */;
			productType = "com.apple.product-type.application";
		};
		83FBAD0F2E604EFA00AE3B36 /* LOTRConverterTests */ = {
			isa = PBXNativeTarget;
			buildConfigurationList = 83FBAD272E604EFA00AE3B36 /* Build configuration list for PBXNativeTarget "LOTRConverterTests" */;
			buildPhases = (
				83FBAD0C2E604EFA00AE3B36 /* Sources */,
				83FBAD0D2E604EFA00AE3B36 /* Frameworks */,
				83FBAD0E2E604EFA00AE3B36 /* Resources */,
			);
			buildRules = (
			);
			dependencies = (
				83FBAD122E604EFA00AE3B36 /* PBXTargetDependency */,
			);
			fileSystemSynchronizedGroups = (
				83FBAD132E604EFA00AE3B36 /* LOTRConverterTests */,
			);
			name = LOTRConverterTests;
			packageProductDependencies = (
			);
			productName = LOTRConverterTests;
			productReference = 83FBAD102E604EFA00AE3B36 /* LOTRConverterTests.xctest */;
			productType = "com.apple.product-type.bundle.unit-test";
		};
		83FBAD192E604EFA00AE3B36 /* LOTRConverterUITests */ = {
			isa = PBXNativeTarget;
			buildConfigurationList = 83FBAD2A2E604EFA00AE3B36 /* Build configuration list for PBXNativeTarget "LOTRConverterUITests" */;
			buildPhases = (
				83FBAD162E604EFA00AE3B36 /* Sources */,
				83FBAD172E604EFA00AE3B36 /* Frameworks */,
				83FBAD182E604EFA00AE3B36 /* Resources */,
			);
			buildRules = (
			);
			dependencies = (
				83FBAD1C2E604EFA00AE3B36 /* PBXTargetDependency */,
			);
			fileSystemSynchronizedGroups = (
				83FBAD1D2E604EFA00AE3B36 /* LOTRConverterUITests */,
			);
			name = LOTRConverterUITests;
			packageProductDependencies = (
			);
			productName = LOTRConverterUITests;
			productReference = 83FBAD1A2E604EFA00AE3B36 /* LOTRConverterUITests.xctest */;
			productType = "com.apple.product-type.bundle.ui-testing";
		};
/* End PBXNativeTarget section */

/* Begin PBXProject section */
		83FBACF62E604EF700AE3B36 /* Project object */ = {
			isa = PBXProject;
			attributes = {
				BuildIndependentTargetsInParallel = 1;
				LastSwiftUpdateCheck = 1620;
				LastUpgradeCheck = 1620;
				TargetAttributes = {
					83FBACFD2E604EF700AE3B36 = {
						CreatedOnToolsVersion = 16.2;
					};
					83FBAD0F2E604EFA00AE3B36 = {
						CreatedOnToolsVersion = 16.2;
						TestTargetID = 83FBACFD2E604EF700AE3B36;
					};
					83FBAD192E604EFA00AE3B36 = {
						CreatedOnToolsVersion = 16.2;
						TestTargetID = 83FBACFD2E604EF700AE3B36;
					};
				};
			};
			buildConfigurationList = 83FBACF92E604EF700AE3B36 /* Build configuration list for PBXProject "LOTRConverter" */;
			developmentRegion = en;
			hasScannedForEncodings = 0;
			knownRegions = (
				en,
				Base,
			);
			mainGroup = 83FBACF52E604EF700AE3B36;
			minimizedProjectReferenceProxies = 1;
			preferredProjectObjectVersion = 77;
			productRefGroup = 83FBACFF2E604EF700AE3B36 /* Products */;
			projectDirPath = "";
			projectRoot = "";
			targets = (
				83FBACFD2E604EF700AE3B36 /* LOTRConverter */,
				83FBAD0F2E604EFA00AE3B36 /* LOTRConverterTests */,
				83FBAD192E604EFA00AE3B36 /* LOTRConverterUITests */,
			);
		};
/* End PBXProject section */

/* Begin PBXResourcesBuildPhase section */
		83FBACFC2E604EF700AE3B36 /* Resources */ = {
			isa = PBXResourcesBuildPhase;
			buildActionMask = 2147483647;
			files = (
			);
			runOnlyForDeploymentPostprocessing = 0;
		};
		83FBAD0E2E604EFA00AE3B36 /* Resources */ = {
			isa = PBXResourcesBuildPhase;
			buildActionMask = 2147483647;
			files = (
			);
			runOnlyForDeploymentPostprocessing = 0;
		};
		83FBAD182E604EFA00AE3B36 /* Resources */ = {
			isa = PBXResourcesBuildPhase;
			buildActionMask = 2147483647;
			files = (
			);
			runOnlyForDeploymentPostprocessing = 0;
		};
/* End PBXResourcesBuildPhase section */

/* Begin PBXSourcesBuildPhase section */
		83FBACFA2E604EF700AE3B36 /* Sources */ = {
			isa = PBXSourcesBuildPhase;
			buildActionMask = 2147483647;
			files = (
			);
			runOnlyForDeploymentPostprocessing = 0;
		};
		83FBAD0C2E604EFA00AE3B36 /* Sources */ = {
			isa = PBXSourcesBuildPhase;
			buildActionMask = 2147483647;
			files = (
			);
			runOnlyForDeploymentPostprocessing = 0;
		};
		83FBAD162E604EFA00AE3B36 /* Sources */ = {
			isa = PBXSourcesBuildPhase;
			buildActionMask = 2147483647;
			files = (
			);
			runOnlyForDeploymentPostprocessing = 0;
		};
/* End PBXSourcesBuildPhase section */

/* Begin PBXTargetDependency section */
		83FBAD122E604EFA00AE3B36 /* PBXTargetDependency */ = {
			isa = PBXTargetDependency;
			target = 83FBACFD2E604EF700AE3B36 /* LOTRConverter */;
			targetProxy = 83FBAD112E604EFA00AE3B36 /* PBXContainerItemProxy */;
		};
		83FBAD1C2E604EFA00AE3B36 /* PBXTargetDependency */ = {
			isa = PBXTargetDependency;
			target = 83FBACFD2E604EF700AE3B36 /* LOTRConverter */;
			targetProxy = 83FBAD1B2E604EFA00AE3B36 /* PBXContainerItemProxy */;
		};
/* End PBXTargetDependency section */

/* Begin XCBuildConfiguration section */
		83FBAD222E604EFA00AE3B36 /* Debug */ = {
			isa = XCBuildConfiguration;
			buildSettings = {
				ALWAYS_SEARCH_USER_PATHS = NO;
				ASSETCATALOG_COMPILER_GENERATE_SWIFT_ASSET_SYMBOL_EXTENSIONS = YES;
				CLANG_ANALYZER_NONNULL = YES;
				CLANG_ANALYZER_NUMBER_OBJECT_CONVERSION = YES_AGGRESSIVE;
				CLANG_CXX_LANGUAGE_STANDARD = "gnu++20";
				CLANG_ENABLE_MODULES = YES;
				CLANG_ENABLE_OBJC_ARC = YES;
				CLANG_ENABLE_OBJC_WEAK = YES;
				CLANG_WARN_BLOCK_CAPTURE_AUTORELEASING = YES;
				CLANG_WARN_BOOL_CONVERSION = YES;
				CLANG_WARN_COMMA = YES;
				CLANG_WARN_CONSTANT_CONVERSION = YES;
				CLANG_WARN_DEPRECATED_OBJC_IMPLEMENTATIONS = YES;
				CLANG_WARN_DIRECT_OBJC_ISA_USAGE = YES_ERROR;
				CLANG_WARN_DOCUMENTATION_COMMENTS = YES;
				CLANG_WARN_EMPTY_BODY = YES;
				CLANG_WARN_ENUM_CONVERSION = YES;
				CLANG_WARN_INFINITE_RECURSION = YES;
				CLANG_WARN_INT_CONVERSION = YES;
				CLANG_WARN_NON_LITERAL_NULL_CONVERSION = YES;
				CLANG_WARN_OBJC_IMPLICIT_RETAIN_SELF = YES;
				CLANG_WARN_OBJC_LITERAL_CONVERSION = YES;
				CLANG_WARN_OBJC_ROOT_CLASS = YES_ERROR;
				CLANG_WARN_QUOTED_INCLUDE_IN_FRAMEWORK_HEADER = YES;
				CLANG_WARN_RANGE_LOOP_ANALYSIS = YES;
				CLANG_WARN_STRICT_PROTOTYPES = YES;
				CLANG_WARN_SUSPICIOUS_MOVE = YES;
				CLANG_WARN_UNGUARDED_AVAILABILITY = YES_AGGRESSIVE;
				CLANG_WARN_UNREACHABLE_CODE = YES;
				CLANG_WARN__DUPLICATE_METHOD_MATCH = YES;
				COPY_PHASE_STRIP = NO;
				DEBUG_INFORMATION_FORMAT = dwarf;
				ENABLE_STRICT_OBJC_MSGSEND = YES;
				ENABLE_TESTABILITY = YES;
				ENABLE_USER_SCRIPT_SANDBOXING = YES;
				GCC_C_LANGUAGE_STANDARD = gnu17;
				GCC_DYNAMIC_NO_PIC = NO;
				GCC_NO_COMMON_BLOCKS = YES;
				GCC_OPTIMIZATION_LEVEL = 0;
				GCC_PREPROCESSOR_DEFINITIONS = (
					"DEBUG=1",
					"$(inherited)",
				);
				GCC_WARN_64_TO_32_BIT_CONVERSION = YES;
				GCC_WARN_ABOUT_RETURN_TYPE = YES_ERROR;
				GCC_WARN_UNDECLARED_SELECTOR = YES;
				GCC_WARN_UNINITIALIZED_AUTOS = YES_AGGRESSIVE;
				GCC_WARN_UNUSED_FUNCTION = YES;
				GCC_WARN_UNUSED_VARIABLE = YES;
				IPHONEOS_DEPLOYMENT_TARGET = 18.2;
				LOCALIZATION_PREFERS_STRING_CATALOGS = YES;
				MTL_ENABLE_DEBUG_INFO = INCLUDE_SOURCE;
				MTL_FAST_MATH = YES;
				ONLY_ACTIVE_ARCH = YES;
				SDKROOT = iphoneos;
				SWIFT_ACTIVE_COMPILATION_CONDITIONS = "DEBUG $(inherited)";
				SWIFT_OPTIMIZATION_LEVEL = "-Onone";
			};
			name = Debug;
		};
		83FBAD232E604EFA00AE3B36 /* Release */ = {
			isa = XCBuildConfiguration;
			buildSettings = {
				ALWAYS_SEARCH_USER_PATHS = NO;
				ASSETCATALOG_COMPILER_GENERATE_SWIFT_ASSET_SYMBOL_EXTENSIONS = YES;
				CLANG_ANALYZER_NONNULL = YES;
				CLANG_ANALYZER_NUMBER_OBJECT_CONVERSION = YES_AGGRESSIVE;
				CLANG_CXX_LANGUAGE_STANDARD = "gnu++20";
				CLANG_ENABLE_MODULES = YES;
				CLANG_ENABLE_OBJC_ARC = YES;
				CLANG_ENABLE_OBJC_WEAK = YES;
				CLANG_WARN_BLOCK_CAPTURE_AUTORELEASING = YES;
				CLANG_WARN_BOOL_CONVERSION = YES;
				CLANG_WARN_COMMA = YES;
				CLANG_WARN_CONSTANT_CONVERSION = YES;
				CLANG_WARN_DEPRECATED_OBJC_IMPLEMENTATIONS = YES;
				CLANG_WARN_DIRECT_OBJC_ISA_USAGE = YES_ERROR;
				CLANG_WARN_DOCUMENTATION_COMMENTS = YES;
				CLANG_WARN_EMPTY_BODY = YES;
				CLANG_WARN_ENUM_CONVERSION = YES;
				CLANG_WARN_INFINITE_RECURSION = YES;
				CLANG_WARN_INT_CONVERSION = YES;
				CLANG_WARN_NON_LITERAL_NULL_CONVERSION = YES;
				CLANG_WARN_OBJC_IMPLICIT_RETAIN_SELF = YES;
				CLANG_WARN_OBJC_LITERAL_CONVERSION = YES;
				CLANG_WARN_OBJC_ROOT_CLASS = YES_ERROR;
				CLANG_WARN_QUOTED_INCLUDE_IN_FRAMEWORK_HEADER = YES;
				CLANG_WARN_RANGE_LOOP_ANALYSIS = YES;
				CLANG_WARN_STRICT_PROTOTYPES = YES;
				CLANG_WARN_SUSPICIOUS_MOVE = YES;
				CLANG_WARN_UNGUARDED_AVAILABILITY = YES_AGGRESSIVE;
				CLANG_WARN_UNREACHABLE_CODE = YES;
				CLANG_WARN__DUPLICATE_METHOD_MATCH = YES;
				COPY_PHASE_STRIP = NO;
				DEBUG_INFORMATION_FORMAT = "dwarf-with-dsym";
				ENABLE_NS_ASSERTIONS = NO;
				ENABLE_STRICT_OBJC_MSGSEND = YES;
				ENABLE_USER_SCRIPT_SANDBOXING = YES;
				GCC_C_LANGUAGE_STANDARD = gnu17;
				GCC_NO_COMMON_BLOCKS = YES;
				GCC_WARN_64_TO_32_BIT_CONVERSION = YES;
				GCC_WARN_ABOUT_RETURN_TYPE = YES_ERROR;
				GCC_WARN_UNDECLARED_SELECTOR = YES;
				GCC_WARN_UNINITIALIZED_AUTOS = YES_AGGRESSIVE;
				GCC_WARN_UNUSED_FUNCTION = YES;
				GCC_WARN_UNUSED_VARIABLE = YES;
				IPHONEOS_DEPLOYMENT_TARGET = 18.2;
				LOCALIZATION_PREFERS_STRING_CATALOGS = YES;
				MTL_ENABLE_DEBUG_INFO = NO;
				MTL_FAST_MATH = YES;
				SDKROOT = iphoneos;
				SWIFT_COMPILATION_MODE = wholemodule;
				VALIDATE_PRODUCT = YES;
			};
			name = Release;
		};
		83FBAD252E604EFA00AE3B36 /* Debug */ = {
			isa = XCBuildConfiguration;
			buildSettings = {
				ASSETCATALOG_COMPILER_APPICON_NAME = AppIcon;
				ASSETCATALOG_COMPILER_GLOBAL_ACCENT_COLOR_NAME = AccentColor;
				CODE_SIGN_STYLE = Automatic;
				CURRENT_PROJECT_VERSION = 1;
				DEVELOPMENT_ASSET_PATHS = "\"LOTRConverter/Preview Content\"";
				ENABLE_PREVIEWS = YES;
				GENERATE_INFOPLIST_FILE = YES;
				INFOPLIST_KEY_UIApplicationSceneManifest_Generation = YES;
				INFOPLIST_KEY_UIApplicationSupportsIndirectInputEvents = YES;
				INFOPLIST_KEY_UILaunchScreen_Generation = YES;
				INFOPLIST_KEY_UISupportedInterfaceOrientations_iPad = "UIInterfaceOrientationPortrait UIInterfaceOrientationPortraitUpsideDown UIInterfaceOrientationLandscapeLeft UIInterfaceOrientationLandscapeRight";
				INFOPLIST_KEY_UISupportedInterfaceOrientations_iPhone = "UIInterfaceOrientationPortrait UIInterfaceOrientationLandscapeLeft UIInterfaceOrientationLandscapeRight";
				LD_RUNPATH_SEARCH_PATHS = (
					"$(inherited)",
					"@executable_path/Frameworks",
				);
				MARKETING_VERSION = 1.0;
				PRODUCT_BUNDLE_IDENTIFIER = com.practice.LOTRConverter;
				PRODUCT_NAME = "$(TARGET_NAME)";
				SWIFT_EMIT_LOC_STRINGS = YES;
				SWIFT_VERSION = 5.0;
				TARGETED_DEVICE_FAMILY = "1,2";
			};
			name = Debug;
		};
		83FBAD262E604EFA00AE3B36 /* Release */ = {
			isa = XCBuildConfiguration;
			buildSettings = {
				ASSETCATALOG_COMPILER_APPICON_NAME = AppIcon;
				ASSETCATALOG_COMPILER_GLOBAL_ACCENT_COLOR_NAME = AccentColor;
				CODE_SIGN_STYLE = Automatic;
				CURRENT_PROJECT_VERSION = 1;
				DEVELOPMENT_ASSET_PATHS = "\"LOTRConverter/Preview Content\"";
				ENABLE_PREVIEWS = YES;
				GENERATE_INFOPLIST_FILE = YES;
				INFOPLIST_KEY_UIApplicationSceneManifest_Generation = YES;
				INFOPLIST_KEY_UIApplicationSupportsIndirectInputEvents = YES;
				INFOPLIST_KEY_UILaunchScreen_Generation = YES;
				INFOPLIST_KEY_UISupportedInterfaceOrientations_iPad = "UIInterfaceOrientationPortrait UIInterfaceOrientationPortraitUpsideDown UIInterfaceOrientationLandscapeLeft UIInterfaceOrientationLandscapeRight";
				INFOPLIST_KEY_UISupportedInterfaceOrientations_iPhone = "UIInterfaceOrientationPortrait UIInterfaceOrientationLandscapeLeft UIInterfaceOrientationLandscapeRight";
				LD_RUNPATH_SEARCH_PATHS = (
					"$(inherited)",
					"@executable_path/Frameworks",
				);
				MARKETING_VERSION = 1.0;
				PRODUCT_BUNDLE_IDENTIFIER = com.practice.LOTRConverter;
				PRODUCT_NAME = "$(TARGET_NAME)";
				SWIFT_EMIT_LOC_STRINGS = YES;
				SWIFT_VERSION = 5.0;
				TARGETED_DEVICE_FAMILY = "1,2";
			};
			name = Release;
		};
		83FBAD282E604EFA00AE3B36 /* Debug */ = {
			isa = XCBuildConfiguration;
			buildSettings = {
				BUNDLE_LOADER = "$(TEST_HOST)";
				CODE_SIGN_STYLE = Automatic;
				CURRENT_PROJECT_VERSION = 1;
				GENERATE_INFOPLIST_FILE = YES;
				IPHONEOS_DEPLOYMENT_TARGET = 18.2;
				MARKETING_VERSION = 1.0;
				PRODUCT_BUNDLE_IDENTIFIER = com.practice.LOTRConverterTests;
				PRODUCT_NAME = "$(TARGET_NAME)";
				SWIFT_EMIT_LOC_STRINGS = NO;
				SWIFT_VERSION = 5.0;
				TARGETED_DEVICE_FAMILY = "1,2";
				TEST_HOST = "$(BUILT_PRODUCTS_DIR)/LOTRConverter.app/$(BUNDLE_EXECUTABLE_FOLDER_PATH)/LOTRConverter";
			};
			name = Debug;
		};
		83FBAD292E604EFA00AE3B36 /* Release */ = {
			isa = XCBuildConfiguration;
			buildSettings = {
				BUNDLE_LOADER = "$(TEST_HOST)";
				CODE_SIGN_STYLE = Automatic;
				CURRENT_PROJECT_VERSION = 1;
				GENERATE_INFOPLIST_FILE = YES;
				IPHONEOS_DEPLOYMENT_TARGET = 18.2;
				MARKETING_VERSION = 1.0;
				PRODUCT_BUNDLE_IDENTIFIER = com.practice.LOTRConverterTests;
				PRODUCT_NAME = "$(TARGET_NAME)";
				SWIFT_EMIT_LOC_STRINGS = NO;
				SWIFT_VERSION = 5.0;
				TARGETED_DEVICE_FAMILY = "1,2";
				TEST_HOST = "$(BUILT_PRODUCTS_DIR)/LOTRConverter.app/$(BUNDLE_EXECUTABLE_FOLDER_PATH)/LOTRConverter";
			};
			name = Release;
		};
		83FBAD2B2E604EFA00AE3B36 /* Debug */ = {
			isa = XCBuildConfiguration;
			buildSettings = {
				CODE_SIGN_STYLE = Automatic;
				CURRENT_PROJECT_VERSION = 1;
				GENERATE_INFOPLIST_FILE = YES;
				MARKETING_VERSION = 1.0;
				PRODUCT_BUNDLE_IDENTIFIER = com.practice.LOTRConverterUITests;
				PRODUCT_NAME = "$(TARGET_NAME)";
				SWIFT_EMIT_LOC_STRINGS = NO;
				SWIFT_VERSION = 5.0;
				TARGETED_DEVICE_FAMILY = "1,2";
				TEST_TARGET_NAME = LOTRConverter;
			};
			name = Debug;
		};
		83FBAD2C2E604EFA00AE3B36 /* Release */ = {
			isa = XCBuildConfiguration;
			buildSettings = {
				CODE_SIGN_STYLE = Automatic;
				CURRENT_PROJECT_VERSION = 1;
				GENERATE_INFOPLIST_FILE = YES;
				MARKETING_VERSION = 1.0;
				PRODUCT_BUNDLE_IDENTIFIER = com.practice.LOTRConverterUITests;
				PRODUCT_NAME = "$(TARGET_NAME)";
				SWIFT_EMIT_LOC_STRINGS = NO;
				SWIFT_VERSION = 5.0;
				TARGETED_DEVICE_FAMILY = "1,2";
				TEST_TARGET_NAME = LOTRConverter;
			};
			name = Release;
		};
/* End XCBuildConfiguration section */

/* Begin XCConfigurationList section */
		83FBACF92E604EF700AE3B36 /* Build configuration list for PBXProject "LOTRConverter" */ = {
			isa = XCConfigurationList;
			buildConfigurations = (
				83FBAD222E604EFA00AE3B36 /* Debug */,
				83FBAD232E604EFA00AE3B36 /* Release */,
			);
			defaultConfigurationIsVisible = 0;
			defaultConfigurationName = Release;
		};
		83FBAD242E604EFA00AE3B36 /* Build configuration list for PBXNativeTarget "LOTRConverter" */ = {
			isa = XCConfigurationList;
			buildConfigurations = (
				83FBAD252E604EFA00AE3B36 /* Debug */,
				83FBAD262E604EFA00AE3B36 /* Release */,
			);
			defaultConfigurationIsVisible = 0;
			defaultConfigurationName = Release;
		};
		83FBAD272E604EFA00AE3B36 /* Build configuration list for PBXNativeTarget "LOTRConverterTests" */ = {
			isa = XCConfigurationList;
			buildConfigurations = (
				83FBAD282E604EFA00AE3B36 /* Debug */,
				83FBAD292E604EFA00AE3B36 /* Release */,
			);
			defaultConfigurationIsVisible = 0;
			defaultConfigurationName = Release;
		};
		83FBAD2A2E604EFA00AE3B36 /* Build configuration list for PBXNativeTarget "LOTRConverterUITests" */ = {
			isa = XCConfigurationList;
			buildConfigurations = (
				83FBAD2B2E604EFA00AE3B36 /* Debug */,
				83FBAD2C2E604EFA00AE3B36 /* Release */,
			);
			defaultConfigurationIsVisible = 0;
			defaultConfigurationName = Release;
		};
/* End XCConfigurationList section */
	};
	rootObject = 83FBACF62E604EF700AE3B36 /* Project object */;
}
